// !$*UTF8*$!
{
	archiveVersion = 1;
	classes = {
	};
	objectVersion = 46;
	objects = {

/* Begin PBXBuildFile section */
		2319BBB713A2B570001058FD /* UIKit.framework in Frameworks */ = {isa = PBXBuildFile; fileRef = 2319BBB613A2B570001058FD /* UIKit.framework */; };
		2319BBB913A2B571001058FD /* Foundation.framework in Frameworks */ = {isa = PBXBuildFile; fileRef = 2319BBB813A2B571001058FD /* Foundation.framework */; };
		2319BBBB13A2B571001058FD /* CoreGraphics.framework in Frameworks */ = {isa = PBXBuildFile; fileRef = 2319BBBA13A2B571001058FD /* CoreGraphics.framework */; };
		2319BBC113A2B571001058FD /* InfoPlist.strings in Resources */ = {isa = PBXBuildFile; fileRef = 2319BBBF13A2B571001058FD /* InfoPlist.strings */; };
		2319BBC413A2B571001058FD /* main.m in Sources */ = {isa = PBXBuildFile; fileRef = 2319BBC313A2B571001058FD /* main.m */; };
		2319BBC713A2B571001058FD /* IPcalculatorAppDelegate.m in Sources */ = {isa = PBXBuildFile; fileRef = 2319BBC613A2B571001058FD /* IPcalculatorAppDelegate.m */; };
		2319BBCA13A2B571001058FD /* MainWindow.xib in Resources */ = {isa = PBXBuildFile; fileRef = 2319BBC813A2B571001058FD /* MainWindow.xib */; };
		2319BBCD13A2B571001058FD /* FirstViewController.m in Sources */ = {isa = PBXBuildFile; fileRef = 2319BBCC13A2B571001058FD /* FirstViewController.m */; };
		2319BBD013A2B571001058FD /* SecondViewController.m in Sources */ = {isa = PBXBuildFile; fileRef = 2319BBCF13A2B571001058FD /* SecondViewController.m */; };
		2319BBD313A2B571001058FD /* FirstView.xib in Resources */ = {isa = PBXBuildFile; fileRef = 2319BBD113A2B571001058FD /* FirstView.xib */; };
		2319BBD613A2B571001058FD /* SecondView.xib in Resources */ = {isa = PBXBuildFile; fileRef = 2319BBD413A2B571001058FD /* SecondView.xib */; };
		232ACA9213A5547300B451E5 /* tool_kit.png in Resources */ = {isa = PBXBuildFile; fileRef = 232ACA9113A5547300B451E5 /* tool_kit.png */; };
		233D33C813B1CAD20061FCB3 /* 104-index-cards.png in Resources */ = {isa = PBXBuildFile; fileRef = 233D33C713B1CAD20061FCB3 /* 104-index-cards.png */; };
		233D33CB13B1CB030061FCB3 /* 161-calculator.png in Resources */ = {isa = PBXBuildFile; fileRef = 233D33CA13B1CB030061FCB3 /* 161-calculator.png */; };
		236B9DBC13B20988003402DB /* NetmaskPickerViewController.m in Sources */ = {isa = PBXBuildFile; fileRef = 236B9DBA13B20988003402DB /* NetmaskPickerViewController.m */; };
		236B9DBD13B20988003402DB /* NetmaskPickerViewController.xib in Resources */ = {isa = PBXBuildFile; fileRef = 236B9DBB13B20988003402DB /* NetmaskPickerViewController.xib */; };
		2378245A13C1FE130058328D /* IPaddress.m in Sources */ = {isa = PBXBuildFile; fileRef = 23A2F45F13AF87D9004EB200 /* IPaddress.m */; };
		2378245C13C1FE130058328D /* MACaddr.m in Sources */ = {isa = PBXBuildFile; fileRef = 23A2F45C13AF877D004EB200 /* MACaddr.m */; };
		2378245F13C1FE130058328D /* IPplan.m in Sources */ = {isa = PBXBuildFile; fileRef = 239C567513C1A9E000A07650 /* IPplan.m */; };
		239C567613C1A9E000A07650 /* IPplan.m in Sources */ = {isa = PBXBuildFile; fileRef = 239C567513C1A9E000A07650 /* IPplan.m */; };
		239C568213C1F25700A07650 /* UIKit.framework in Frameworks */ = {isa = PBXBuildFile; fileRef = 2319BBB613A2B570001058FD /* UIKit.framework */; };
		239C568313C1F25700A07650 /* Foundation.framework in Frameworks */ = {isa = PBXBuildFile; fileRef = 2319BBB813A2B571001058FD /* Foundation.framework */; };
		239C568413C1F25700A07650 /* CoreGraphics.framework in Frameworks */ = {isa = PBXBuildFile; fileRef = 2319BBBA13A2B571001058FD /* CoreGraphics.framework */; };
		239C568A13C1F25800A07650 /* InfoPlist.strings in Resources */ = {isa = PBXBuildFile; fileRef = 239C568813C1F25800A07650 /* InfoPlist.strings */; };
		239C568D13C1F25800A07650 /* IPplanTests.h in Resources */ = {isa = PBXBuildFile; fileRef = 239C568C13C1F25800A07650 /* IPplanTests.h */; };
		239C568F13C1F25800A07650 /* IPplanTests.m in Sources */ = {isa = PBXBuildFile; fileRef = 239C568E13C1F25800A07650 /* IPplanTests.m */; };
		23A2F45D13AF877D004EB200 /* MACaddr.m in Sources */ = {isa = PBXBuildFile; fileRef = 23A2F45C13AF877D004EB200 /* MACaddr.m */; };
		23A2F46013AF87D9004EB200 /* IPaddress.m in Sources */ = {isa = PBXBuildFile; fileRef = 23A2F45F13AF87D9004EB200 /* IPaddress.m */; };
/* End PBXBuildFile section */

/* Begin PBXFileReference section */
		2319BBB213A2B570001058FD /* IPcalculator.app */ = {isa = PBXFileReference; explicitFileType = wrapper.application; includeInIndex = 0; path = IPcalculator.app; sourceTree = BUILT_PRODUCTS_DIR; };
		2319BBB613A2B570001058FD /* UIKit.framework */ = {isa = PBXFileReference; lastKnownFileType = wrapper.framework; name = UIKit.framework; path = System/Library/Frameworks/UIKit.framework; sourceTree = SDKROOT; };
		2319BBB813A2B571001058FD /* Foundation.framework */ = {isa = PBXFileReference; lastKnownFileType = wrapper.framework; name = Foundation.framework; path = System/Library/Frameworks/Foundation.framework; sourceTree = SDKROOT; };
		2319BBBA13A2B571001058FD /* CoreGraphics.framework */ = {isa = PBXFileReference; lastKnownFileType = wrapper.framework; name = CoreGraphics.framework; path = System/Library/Frameworks/CoreGraphics.framework; sourceTree = SDKROOT; };
		2319BBBE13A2B571001058FD /* IPcalculator-Info.plist */ = {isa = PBXFileReference; lastKnownFileType = text.plist.xml; path = "IPcalculator-Info.plist"; sourceTree = "<group>"; };
		2319BBC013A2B571001058FD /* en */ = {isa = PBXFileReference; lastKnownFileType = text.plist.strings; name = en; path = en.lproj/InfoPlist.strings; sourceTree = "<group>"; };
		2319BBC213A2B571001058FD /* IPcalculator-Prefix.pch */ = {isa = PBXFileReference; lastKnownFileType = sourcecode.c.h; path = "IPcalculator-Prefix.pch"; sourceTree = "<group>"; };
		2319BBC313A2B571001058FD /* main.m */ = {isa = PBXFileReference; lastKnownFileType = sourcecode.c.objc; path = main.m; sourceTree = "<group>"; };
		2319BBC513A2B571001058FD /* IPcalculatorAppDelegate.h */ = {isa = PBXFileReference; lastKnownFileType = sourcecode.c.h; path = IPcalculatorAppDelegate.h; sourceTree = "<group>"; };
		2319BBC613A2B571001058FD /* IPcalculatorAppDelegate.m */ = {isa = PBXFileReference; lastKnownFileType = sourcecode.c.objc; path = IPcalculatorAppDelegate.m; sourceTree = "<group>"; };
		2319BBC913A2B571001058FD /* en */ = {isa = PBXFileReference; lastKnownFileType = file.xib; name = en; path = en.lproj/MainWindow.xib; sourceTree = "<group>"; };
		2319BBCB13A2B571001058FD /* FirstViewController.h */ = {isa = PBXFileReference; lastKnownFileType = sourcecode.c.h; path = FirstViewController.h; sourceTree = "<group>"; };
		2319BBCC13A2B571001058FD /* FirstViewController.m */ = {isa = PBXFileReference; lastKnownFileType = sourcecode.c.objc; path = FirstViewController.m; sourceTree = "<group>"; };
		2319BBCE13A2B571001058FD /* SecondViewController.h */ = {isa = PBXFileReference; lastKnownFileType = sourcecode.c.h; path = SecondViewController.h; sourceTree = "<group>"; };
		2319BBCF13A2B571001058FD /* SecondViewController.m */ = {isa = PBXFileReference; lastKnownFileType = sourcecode.c.objc; path = SecondViewController.m; sourceTree = "<group>"; };
		2319BBD213A2B571001058FD /* en */ = {isa = PBXFileReference; lastKnownFileType = file.xib; name = en; path = en.lproj/FirstView.xib; sourceTree = "<group>"; };
		2319BBD513A2B571001058FD /* en */ = {isa = PBXFileReference; lastKnownFileType = file.xib; name = en; path = en.lproj/SecondView.xib; sourceTree = "<group>"; };
		232ACA9113A5547300B451E5 /* tool_kit.png */ = {isa = PBXFileReference; lastKnownFileType = image.png; path = tool_kit.png; sourceTree = "<group>"; };
		233D33C713B1CAD20061FCB3 /* 104-index-cards.png */ = {isa = PBXFileReference; lastKnownFileType = image.png; path = "104-index-cards.png"; sourceTree = "<group>"; };
		233D33CA13B1CB030061FCB3 /* 161-calculator.png */ = {isa = PBXFileReference; lastKnownFileType = image.png; path = "161-calculator.png"; sourceTree = "<group>"; };
		236B9DB913B20988003402DB /* NetmaskPickerViewController.h */ = {isa = PBXFileReference; fileEncoding = 4; lastKnownFileType = sourcecode.c.h; path = NetmaskPickerViewController.h; sourceTree = "<group>"; };
		236B9DBA13B20988003402DB /* NetmaskPickerViewController.m */ = {isa = PBXFileReference; fileEncoding = 4; lastKnownFileType = sourcecode.c.objc; path = NetmaskPickerViewController.m; sourceTree = "<group>"; };
		236B9DBB13B20988003402DB /* NetmaskPickerViewController.xib */ = {isa = PBXFileReference; fileEncoding = 4; lastKnownFileType = file.xib; path = NetmaskPickerViewController.xib; sourceTree = "<group>"; };
		239C567413C1A9E000A07650 /* IPplan.h */ = {isa = PBXFileReference; fileEncoding = 4; lastKnownFileType = sourcecode.c.h; path = IPplan.h; sourceTree = "<group>"; };
		239C567513C1A9E000A07650 /* IPplan.m */ = {isa = PBXFileReference; fileEncoding = 4; lastKnownFileType = sourcecode.c.objc; path = IPplan.m; sourceTree = "<group>"; };
		239C568113C1F25700A07650 /* IPplanTests.octest */ = {isa = PBXFileReference; explicitFileType = wrapper.cfbundle; includeInIndex = 0; path = IPplanTests.octest; sourceTree = BUILT_PRODUCTS_DIR; };
		239C568713C1F25700A07650 /* IPplanTests-Info.plist */ = {isa = PBXFileReference; lastKnownFileType = text.plist.xml; path = "IPplanTests-Info.plist"; sourceTree = "<group>"; };
		239C568913C1F25800A07650 /* en */ = {isa = PBXFileReference; lastKnownFileType = text.plist.strings; name = en; path = en.lproj/InfoPlist.strings; sourceTree = "<group>"; };
		239C568B13C1F25800A07650 /* IPplanTests-Prefix.pch */ = {isa = PBXFileReference; lastKnownFileType = sourcecode.c.h; path = "IPplanTests-Prefix.pch"; sourceTree = "<group>"; };
		239C568C13C1F25800A07650 /* IPplanTests.h */ = {isa = PBXFileReference; lastKnownFileType = sourcecode.c.h; path = IPplanTests.h; sourceTree = "<group>"; };
		239C568E13C1F25800A07650 /* IPplanTests.m */ = {isa = PBXFileReference; lastKnownFileType = sourcecode.c.objc; path = IPplanTests.m; sourceTree = "<group>"; };
		23A2F45A13AF876F004EB200 /* MACaddr.h */ = {isa = PBXFileReference; fileEncoding = 4; lastKnownFileType = sourcecode.c.h; path = MACaddr.h; sourceTree = "<group>"; };
		23A2F45C13AF877D004EB200 /* MACaddr.m */ = {isa = PBXFileReference; fileEncoding = 4; lastKnownFileType = sourcecode.c.objc; path = MACaddr.m; sourceTree = "<group>"; };
		23A2F45E13AF87D2004EB200 /* IPaddress.h */ = {isa = PBXFileReference; fileEncoding = 4; lastKnownFileType = sourcecode.c.h; path = IPaddress.h; sourceTree = "<group>"; };
		23A2F45F13AF87D9004EB200 /* IPaddress.m */ = {isa = PBXFileReference; fileEncoding = 4; lastKnownFileType = sourcecode.c.objc; path = IPaddress.m; sourceTree = "<group>"; };
/* End PBXFileReference section */

/* Begin PBXFrameworksBuildPhase section */
		2319BBAF13A2B570001058FD /* Frameworks */ = {
			isa = PBXFrameworksBuildPhase;
			buildActionMask = 2147483647;
			files = (
				2319BBB713A2B570001058FD /* UIKit.framework in Frameworks */,
				2319BBB913A2B571001058FD /* Foundation.framework in Frameworks */,
				2319BBBB13A2B571001058FD /* CoreGraphics.framework in Frameworks */,
			);
			runOnlyForDeploymentPostprocessing = 0;
		};
		239C567D13C1F25700A07650 /* Frameworks */ = {
			isa = PBXFrameworksBuildPhase;
			buildActionMask = 2147483647;
			files = (
				239C568213C1F25700A07650 /* UIKit.framework in Frameworks */,
				239C568313C1F25700A07650 /* Foundation.framework in Frameworks */,
				239C568413C1F25700A07650 /* CoreGraphics.framework in Frameworks */,
			);
			runOnlyForDeploymentPostprocessing = 0;
		};
/* End PBXFrameworksBuildPhase section */

/* Begin PBXGroup section */
		2319BBA713A2B570001058FD = {
			isa = PBXGroup;
			children = (
				233D33CC13B1CB110061FCB3 /* images */,
				2319BBBC13A2B571001058FD /* IPcalculator */,
				2319BBB513A2B570001058FD /* Frameworks */,
				2319BBB313A2B570001058FD /* Products */,
				239C568513C1F25700A07650 /* IPplanTests */,
			);
			sourceTree = "<group>";
		};
		2319BBB313A2B570001058FD /* Products */ = {
			isa = PBXGroup;
			children = (
				2319BBB213A2B570001058FD /* IPcalculator.app */,
				239C568113C1F25700A07650 /* IPplanTests.octest */,
			);
			name = Products;
			sourceTree = "<group>";
		};
		2319BBB513A2B570001058FD /* Frameworks */ = {
			isa = PBXGroup;
			children = (
				2319BBB613A2B570001058FD /* UIKit.framework */,
				2319BBB813A2B571001058FD /* Foundation.framework */,
				2319BBBA13A2B571001058FD /* CoreGraphics.framework */,
			);
			name = Frameworks;
			sourceTree = "<group>";
		};
		2319BBBC13A2B571001058FD /* IPcalculator */ = {
			isa = PBXGroup;
			children = (
				23DE644B13B31197005016AE /* Models */,
				2319BBC513A2B571001058FD /* IPcalculatorAppDelegate.h */,
				2319BBC613A2B571001058FD /* IPcalculatorAppDelegate.m */,
				2319BBC813A2B571001058FD /* MainWindow.xib */,
				23DE644D13B311C1005016AE /* ViewControllers */,
				2319BBBD13A2B571001058FD /* Supporting Files */,
			);
			path = IPcalculator;
			sourceTree = "<group>";
		};
		2319BBBD13A2B571001058FD /* Supporting Files */ = {
			isa = PBXGroup;
			children = (
				2319BBBE13A2B571001058FD /* IPcalculator-Info.plist */,
				2319BBBF13A2B571001058FD /* InfoPlist.strings */,
				2319BBC213A2B571001058FD /* IPcalculator-Prefix.pch */,
				2319BBC313A2B571001058FD /* main.m */,
			);
			name = "Supporting Files";
			sourceTree = "<group>";
		};
		233D33CC13B1CB110061FCB3 /* images */ = {
			isa = PBXGroup;
			children = (
				232ACA9113A5547300B451E5 /* tool_kit.png */,
				233D33C713B1CAD20061FCB3 /* 104-index-cards.png */,
				233D33CA13B1CB030061FCB3 /* 161-calculator.png */,
			);
			name = images;
			sourceTree = "<group>";
		};
		239C568513C1F25700A07650 /* IPplanTests */ = {
			isa = PBXGroup;
			children = (
				239C568C13C1F25800A07650 /* IPplanTests.h */,
				239C568E13C1F25800A07650 /* IPplanTests.m */,
				239C568613C1F25700A07650 /* Supporting Files */,
			);
			path = IPplanTests;
			sourceTree = "<group>";
		};
		239C568613C1F25700A07650 /* Supporting Files */ = {
			isa = PBXGroup;
			children = (
				239C568713C1F25700A07650 /* IPplanTests-Info.plist */,
				239C568813C1F25800A07650 /* InfoPlist.strings */,
				239C568B13C1F25800A07650 /* IPplanTests-Prefix.pch */,
			);
			name = "Supporting Files";
			sourceTree = "<group>";
		};
		23DE644B13B31197005016AE /* Models */ = {
			isa = PBXGroup;
			children = (
				23A2F45F13AF87D9004EB200 /* IPaddress.m */,
				23A2F45E13AF87D2004EB200 /* IPaddress.h */,
				23A2F45C13AF877D004EB200 /* MACaddr.m */,
				23A2F45A13AF876F004EB200 /* MACaddr.h */,
				239C567413C1A9E000A07650 /* IPplan.h */,
				239C567513C1A9E000A07650 /* IPplan.m */,
			);
			name = Models;
			sourceTree = "<group>";
		};
		23DE644D13B311C1005016AE /* ViewControllers */ = {
			isa = PBXGroup;
			children = (
				236B9DB913B20988003402DB /* NetmaskPickerViewController.h */,
				236B9DBA13B20988003402DB /* NetmaskPickerViewController.m */,
				236B9DBB13B20988003402DB /* NetmaskPickerViewController.xib */,
				2319BBCB13A2B571001058FD /* FirstViewController.h */,
				2319BBCE13A2B571001058FD /* SecondViewController.h */,
				2319BBCC13A2B571001058FD /* FirstViewController.m */,
				2319BBCF13A2B571001058FD /* SecondViewController.m */,
				2319BBD113A2B571001058FD /* FirstView.xib */,
				2319BBD413A2B571001058FD /* SecondView.xib */,
			);
			name = ViewControllers;
			sourceTree = "<group>";
		};
/* End PBXGroup section */

/* Begin PBXNativeTarget section */
		2319BBB113A2B570001058FD /* IPcalculator */ = {
			isa = PBXNativeTarget;
			buildConfigurationList = 2319BBD913A2B571001058FD /* Build configuration list for PBXNativeTarget "IPcalculator" */;
			buildPhases = (
				2319BBAE13A2B570001058FD /* Sources */,
				2319BBAF13A2B570001058FD /* Frameworks */,
				2319BBB013A2B570001058FD /* Resources */,
			);
			buildRules = (
			);
			dependencies = (
			);
			name = IPcalculator;
			productName = IPcalculator;
			productReference = 2319BBB213A2B570001058FD /* IPcalculator.app */;
			productType = "com.apple.product-type.application";
		};
		239C568013C1F25700A07650 /* IPplanTests */ = {
			isa = PBXNativeTarget;
			buildConfigurationList = 239C569013C1F25800A07650 /* Build configuration list for PBXNativeTarget "IPplanTests" */;
			buildPhases = (
				239C567C13C1F25700A07650 /* Sources */,
				239C567D13C1F25700A07650 /* Frameworks */,
				239C567E13C1F25700A07650 /* Resources */,
				239C567F13C1F25700A07650 /* ShellScript */,
			);
			buildRules = (
			);
			dependencies = (
			);
			name = IPplanTests;
			productName = IPplanTests;
			productReference = 239C568113C1F25700A07650 /* IPplanTests.octest */;
			productType = "com.apple.product-type.bundle.unit-test";
		};
/* End PBXNativeTarget section */

/* Begin PBXProject section */
		2319BBA913A2B570001058FD /* Project object */ = {
			isa = PBXProject;
			attributes = {
				LastUpgradeCheck = 0600;
			};
			buildConfigurationList = 2319BBAC13A2B570001058FD /* Build configuration list for PBXProject "IPcalculator" */;
			compatibilityVersion = "Xcode 3.2";
			developmentRegion = English;
			hasScannedForEncodings = 0;
			knownRegions = (
				en,
			);
			mainGroup = 2319BBA713A2B570001058FD;
			productRefGroup = 2319BBB313A2B570001058FD /* Products */;
			projectDirPath = "";
			projectRoot = "";
			targets = (
				2319BBB113A2B570001058FD /* IPcalculator */,
				239C568013C1F25700A07650 /* IPplanTests */,
			);
		};
/* End PBXProject section */

/* Begin PBXResourcesBuildPhase section */
		2319BBB013A2B570001058FD /* Resources */ = {
			isa = PBXResourcesBuildPhase;
			buildActionMask = 2147483647;
			files = (
				2319BBC113A2B571001058FD /* InfoPlist.strings in Resources */,
				2319BBCA13A2B571001058FD /* MainWindow.xib in Resources */,
				2319BBD313A2B571001058FD /* FirstView.xib in Resources */,
				2319BBD613A2B571001058FD /* SecondView.xib in Resources */,
				232ACA9213A5547300B451E5 /* tool_kit.png in Resources */,
				233D33C813B1CAD20061FCB3 /* 104-index-cards.png in Resources */,
				233D33CB13B1CB030061FCB3 /* 161-calculator.png in Resources */,
				236B9DBD13B20988003402DB /* NetmaskPickerViewController.xib in Resources */,
			);
			runOnlyForDeploymentPostprocessing = 0;
		};
		239C567E13C1F25700A07650 /* Resources */ = {
			isa = PBXResourcesBuildPhase;
			buildActionMask = 2147483647;
			files = (
				239C568A13C1F25800A07650 /* InfoPlist.strings in Resources */,
				239C568D13C1F25800A07650 /* IPplanTests.h in Resources */,
			);
			runOnlyForDeploymentPostprocessing = 0;
		};
/* End PBXResourcesBuildPhase section */

/* Begin PBXShellScriptBuildPhase section */
		239C567F13C1F25700A07650 /* ShellScript */ = {
			isa = PBXShellScriptBuildPhase;
			buildActionMask = 2147483647;
			files = (
			);
			inputPaths = (
			);
			outputPaths = (
			);
			runOnlyForDeploymentPostprocessing = 0;
			shellPath = /bin/sh;
			shellScript = "# Run the unit tests in this test bundle.\n\"${SYSTEM_DEVELOPER_DIR}/Tools/RunUnitTests\"\n";
		};
/* End PBXShellScriptBuildPhase section */

/* Begin PBXSourcesBuildPhase section */
		2319BBAE13A2B570001058FD /* Sources */ = {
			isa = PBXSourcesBuildPhase;
			buildActionMask = 2147483647;
			files = (
				2319BBC413A2B571001058FD /* main.m in Sources */,
				2319BBC713A2B571001058FD /* IPcalculatorAppDelegate.m in Sources */,
				2319BBCD13A2B571001058FD /* FirstViewController.m in Sources */,
				2319BBD013A2B571001058FD /* SecondViewController.m in Sources */,
				23A2F45D13AF877D004EB200 /* MACaddr.m in Sources */,
				23A2F46013AF87D9004EB200 /* IPaddress.m in Sources */,
				236B9DBC13B20988003402DB /* NetmaskPickerViewController.m in Sources */,
				239C567613C1A9E000A07650 /* IPplan.m in Sources */,
			);
			runOnlyForDeploymentPostprocessing = 0;
		};
		239C567C13C1F25700A07650 /* Sources */ = {
			isa = PBXSourcesBuildPhase;
			buildActionMask = 2147483647;
			files = (
				2378245A13C1FE130058328D /* IPaddress.m in Sources */,
				2378245C13C1FE130058328D /* MACaddr.m in Sources */,
				2378245F13C1FE130058328D /* IPplan.m in Sources */,
				239C568F13C1F25800A07650 /* IPplanTests.m in Sources */,
			);
			runOnlyForDeploymentPostprocessing = 0;
		};
/* End PBXSourcesBuildPhase section */

/* Begin PBXVariantGroup section */
		2319BBBF13A2B571001058FD /* InfoPlist.strings */ = {
			isa = PBXVariantGroup;
			children = (
				2319BBC013A2B571001058FD /* en */,
			);
			name = InfoPlist.strings;
			sourceTree = "<group>";
		};
		2319BBC813A2B571001058FD /* MainWindow.xib */ = {
			isa = PBXVariantGroup;
			children = (
				2319BBC913A2B571001058FD /* en */,
			);
			name = MainWindow.xib;
			sourceTree = "<group>";
		};
		2319BBD113A2B571001058FD /* FirstView.xib */ = {
			isa = PBXVariantGroup;
			children = (
				2319BBD213A2B571001058FD /* en */,
			);
			name = FirstView.xib;
			sourceTree = "<group>";
		};
		2319BBD413A2B571001058FD /* SecondView.xib */ = {
			isa = PBXVariantGroup;
			children = (
				2319BBD513A2B571001058FD /* en */,
			);
			name = SecondView.xib;
			sourceTree = "<group>";
		};
		239C568813C1F25800A07650 /* InfoPlist.strings */ = {
			isa = PBXVariantGroup;
			children = (
				239C568913C1F25800A07650 /* en */,
			);
			name = InfoPlist.strings;
			sourceTree = "<group>";
		};
/* End PBXVariantGroup section */

/* Begin XCBuildConfiguration section */
		2319BBD713A2B571001058FD /* Debug */ = {
			isa = XCBuildConfiguration;
			buildSettings = {
				CODE_SIGN_IDENTITY = "iPhone Developer";
				"CODE_SIGN_IDENTITY[sdk=iphoneos*]" = "iPhone Developer";
				GCC_C_LANGUAGE_STANDARD = gnu99;
				GCC_OPTIMIZATION_LEVEL = 0;
				GCC_PREPROCESSOR_DEFINITIONS = DEBUG;
				GCC_SYMBOLS_PRIVATE_EXTERN = NO;
				GCC_VERSION = "";
				GCC_WARN_ABOUT_RETURN_TYPE = YES;
				GCC_WARN_UNUSED_VARIABLE = YES;
				IPHONEOS_DEPLOYMENT_TARGET = 5.0;
				ONLY_ACTIVE_ARCH = YES;
				PROVISIONING_PROFILE = "";
				SDKROOT = iphoneos;
				TARGETED_DEVICE_FAMILY = 2;
			};
			name = Debug;
		};
		2319BBD813A2B571001058FD /* Release */ = {
			isa = XCBuildConfiguration;
			buildSettings = {
				CODE_SIGN_IDENTITY = "iPhone Developer";
				"CODE_SIGN_IDENTITY[sdk=iphoneos*]" = "iPhone Developer";
				GCC_C_LANGUAGE_STANDARD = gnu99;
				GCC_VERSION = "";
				GCC_WARN_ABOUT_RETURN_TYPE = YES;
				GCC_WARN_UNUSED_VARIABLE = YES;
				IPHONEOS_DEPLOYMENT_TARGET = 5.0;
				OTHER_CFLAGS = "-DNS_BLOCK_ASSERTIONS=1";
				PROVISIONING_PROFILE = "";
				SDKROOT = iphoneos;
				TARGETED_DEVICE_FAMILY = 2;
			};
			name = Release;
		};
		2319BBDA13A2B571001058FD /* Debug */ = {
			isa = XCBuildConfiguration;
			buildSettings = {
				ALWAYS_SEARCH_USER_PATHS = NO;
				CLANG_ENABLE_OBJC_ARC = YES;
				COPY_PHASE_STRIP = NO;
				GCC_DYNAMIC_NO_PIC = NO;
				GCC_PRECOMPILE_PREFIX_HEADER = YES;
				GCC_PREFIX_HEADER = "IPcalculator/IPcalculator-Prefix.pch";
				GCC_VERSION = com.apple.compilers.llvm.clang.1_0;
				INFOPLIST_FILE = "IPcalculator/IPcalculator-Info.plist";
				PRODUCT_NAME = "$(TARGET_NAME)";
				WRAPPER_EXTENSION = app;
			};
			name = Debug;
		};
		2319BBDB13A2B571001058FD /* Release */ = {
			isa = XCBuildConfiguration;
			buildSettings = {
				ALWAYS_SEARCH_USER_PATHS = NO;
				CLANG_ENABLE_OBJC_ARC = YES;
				COPY_PHASE_STRIP = YES;
				GCC_PRECOMPILE_PREFIX_HEADER = YES;
				GCC_PREFIX_HEADER = "IPcalculator/IPcalculator-Prefix.pch";
				GCC_VERSION = com.apple.compilers.llvm.clang.1_0;
				INFOPLIST_FILE = "IPcalculator/IPcalculator-Info.plist";
				PRODUCT_NAME = "$(TARGET_NAME)";
				VALIDATE_PRODUCT = YES;
				WRAPPER_EXTENSION = app;
			};
			name = Release;
		};
		239C569113C1F25800A07650 /* Debug */ = {
			isa = XCBuildConfiguration;
			buildSettings = {
				ALWAYS_SEARCH_USER_PATHS = NO;
				FRAMEWORK_SEARCH_PATHS = (
					"$(SDKROOT)/Developer/Library/Frameworks",
					"$(inherited)",
				);
				GCC_PRECOMPILE_PREFIX_HEADER = YES;
				GCC_PREFIX_HEADER = "IPplanTests/IPplanTests-Prefix.pch";
				GCC_VERSION = com.apple.compilers.llvm.clang.1_0;
				INFOPLIST_FILE = "IPplanTests/IPplanTests-Info.plist";
				PRODUCT_NAME = "$(TARGET_NAME)";
			};
			name = Debug;
		};
		239C569213C1F25800A07650 /* Release */ = {
			isa = XCBuildConfiguration;
			buildSettings = {
				ALWAYS_SEARCH_USER_PATHS = NO;
				FRAMEWORK_SEARCH_PATHS = (
					"$(SDKROOT)/Developer/Library/Frameworks",
					"$(inherited)",
				);
				GCC_PRECOMPILE_PREFIX_HEADER = YES;
				GCC_PREFIX_HEADER = "IPplanTests/IPplanTests-Prefix.pch";
				GCC_VERSION = com.apple.compilers.llvm.clang.1_0;
				INFOPLIST_FILE = "IPplanTests/IPplanTests-Info.plist";
				PRODUCT_NAME = "$(TARGET_NAME)";
			};
			name = Release;
		};
/* End XCBuildConfiguration section */

/* Begin XCConfigurationList section */
		2319BBAC13A2B570001058FD /* Build configuration list for PBXProject "IPcalculator" */ = {
			isa = XCConfigurationList;
			buildConfigurations = (
				2319BBD713A2B571001058FD /* Debug */,
				2319BBD813A2B571001058FD /* Release */,
			);
			defaultConfigurationIsVisible = 0;
			defaultConfigurationName = Release;
		};
		2319BBD913A2B571001058FD /* Build configuration list for PBXNativeTarget "IPcalculator" */ = {
			isa = XCConfigurationList;
			buildConfigurations = (
				2319BBDA13A2B571001058FD /* Debug */,
				2319BBDB13A2B571001058FD /* Release */,
			);
			defaultConfigurationIsVisible = 0;
			defaultConfigurationName = Release;
		};
		239C569013C1F25800A07650 /* Build configuration list for PBXNativeTarget "IPplanTests" */ = {
			isa = XCConfigurationList;
			buildConfigurations = (
				239C569113C1F25800A07650 /* Debug */,
				239C569213C1F25800A07650 /* Release */,
			);
			defaultConfigurationIsVisible = 0;
			defaultConfigurationName = Release;
		};
/* End XCConfigurationList section */
	};
	rootObject = 2319BBA913A2B570001058FD /* Project object */;
}
